
Microsoft Visual Studio Solution File, Format Version 12.00
# Visual Studio Version 17
VisualStudioVersion = 17.10.35013.160
MinimumVisualStudioVersion = 10.0.40219.1
Project("{FAE04EC0-301F-11D3-BF4B-00C04F79EFBC}") = "Task_Server", "Task_Server.csproj", "{77DE71E5-79C6-4B32-AC16-03B5C2CD3A30}"
EndProject
Project("{FAE04EC0-301F-11D3-BF4B-00C04F79EFBC}") = "Task_New", "..\Task_New\Task_New.csproj", "{32DA7473-CCD2-443A-886D-A11E15CC3488}"
EndProject
Global
	GlobalSection(SolutionConfigurationPlatforms) = preSolution
		Debug|Any CPU = Debug|Any CPU
		Release|Any CPU = Release|Any CPU
	EndGlobalSection
	GlobalSection(ProjectConfigurationPlatforms) = postSolution
		{77DE71E5-79C6-4B32-AC16-03B5C2CD3A30}.Debug|Any CPU.ActiveCfg = Debug|Any CPU
		{77DE71E5-79C6-4B32-AC16-03B5C2CD3A30}.Debug|Any CPU.Build.0 = Debug|Any CPU
		{77DE71E5-79C6-4B32-AC16-03B5C2CD3A30}.Release|Any CPU.ActiveCfg = Release|Any CPU
		{77DE71E5-79C6-4B32-AC16-03B5C2CD3A30}.Release|Any CPU.Build.0 = Release|Any CPU
		{32DA7473-CCD2-443A-886D-A11E15CC3488}.Debug|Any CPU.ActiveCfg = Debug|Any CPU
		{32DA7473-CCD2-443A-886D-A11E15CC3488}.Debug|Any CPU.Build.0 = Debug|Any CPU
		{32DA7473-CCD2-443A-886D-A11E15CC3488}.Release|Any CPU.ActiveCfg = Release|Any CPU
		{32DA7473-CCD2-443A-886D-A11E15CC3488}.Release|Any CPU.Build.0 = Release|Any CPU
	EndGlobalSection
	GlobalSection(SolutionProperties) = preSolution
		HideSolutionNode = FALSE
	EndGlobalSection
	GlobalSection(ExtensibilityGlobals) = postSolution
		SolutionGuid = {326DCB38-7EBF-4E69-B9C5-BBA76847A7CC}
	EndGlobalSection
EndGlobal
